{
  "version": 1,
  "dependencies": {
    "net10.0-windows7.0": {
      "Microsoft.Identity.Client": {
        "type": "Direct",
        "requested": "[4.83.1, 4.83.1]",
        "resolved": "4.83.1",
        "contentHash": "jOLIrZ3cynoqHLLO1cXplFFabrhrMEYs/EuKHvmCyrOm1axqiVFT6nCSnHxk7w5+d2BeQfCdM12Yf/0X7OeS1g==",
        "dependencies": {
          "Microsoft.IdentityModel.Abstractions": "8.14.0"
        }
      },
      "Microsoft.Identity.Client.Broker": {
        "type": "Direct",
        "requested": "[4.83.1, 4.83.1]",
        "resolved": "4.83.1",
        "contentHash": "r5F/Iwm/DeRA8JP2yxpW31gDxXfehvDilI4U6t80bAhnass0Czjwkdyx8LbZYbeeTB5J8jUp90qSxIf/tBeJ0A==",
        "dependencies": {
          "Microsoft.Identity.Client": "4.83.1",
          "Microsoft.Identity.Client.NativeInterop": "0.19.4"
        }
      },
      "Microsoft.Identity.Client.NativeInterop": {
        "type": "Direct",
        "requested": "[0.20.3, 0.20.3]",
        "resolved": "0.20.3",
        "contentHash": "k8f/a/IdBYU905Js0QUd0nuoN680adS393QhrcOyAvCbnteKCNUdzuMIi9pROlJrbjxPqQXRNcf3a9cjE65UfA=="
      },
      "Microsoft.NET.ILLink.Tasks": {
        "type": "Direct",
        "requested": "[10.0.12, )",
        "resolved": "10.0.12",
        "contentHash": "xi+BDjFpW+Sb+MHFHaH6Y/gV9I8BluFwRXc1QyCdoZbIK26eNiBeFuMTe/FMwc33G1wdHCyDg7CVTmb8OdQrMQ=="
      },
      "Microsoft.IdentityModel.Abstractions": {
        "type": "Transitive",
        "resolved": "8.14.0",
        "contentHash": "iwbCpSjD3ehfTwBhtSNEtKPK0ICun6ov7Ibx6ISNA9bfwIyzI2Siwyi9eJFCJBwxowK9xcA1mj+jBWiigeqgcQ=="
      },
      "authentication.core": {
        "type": "Project"
      }
    }
  }
}